// !$*UTF8*$!
{
	archiveVersion = 1;
	classes = {
	};
	objectVersion = 46;
	objects = {

/* Begin PBXBuildFile section */
		25390DF118963C6E003EFF26 /* CSTouchView.m in Sources */ = {isa = PBXBuildFile; fileRef = 25390DF018963C6E003EFF26 /* CSTouchView.m */; };
		25B0A34D18962BA6007070C7 /* Foundation.framework in Frameworks */ = {isa = PBXBuildFile; fileRef = 25B0A34C18962BA6007070C7 /* Foundation.framework */; };
		25B0A34F18962BA6007070C7 /* CoreGraphics.framework in Frameworks */ = {isa = PBXBuildFile; fileRef = 25B0A34E18962BA6007070C7 /* CoreGraphics.framework */; };
		25B0A35118962BA6007070C7 /* UIKit.framework in Frameworks */ = {isa = PBXBuildFile; fileRef = 25B0A35018962BA6007070C7 /* UIKit.framework */; };
		25B0A35318962BA6007070C7 /* GLKit.framework in Frameworks */ = {isa = PBXBuildFile; fileRef = 25B0A35218962BA6007070C7 /* GLKit.framework */; };
		25B0A35518962BA6007070C7 /* OpenGLES.framework in Frameworks */ = {isa = PBXBuildFile; fileRef = 25B0A35418962BA6007070C7 /* OpenGLES.framework */; };
		25B0A35B18962BA6007070C7 /* InfoPlist.strings in Resources */ = {isa = PBXBuildFile; fileRef = 25B0A35918962BA6007070C7 /* InfoPlist.strings */; };
		25B0A35D18962BA6007070C7 /* main.m in Sources */ = {isa = PBXBuildFile; fileRef = 25B0A35C18962BA6007070C7 /* main.m */; };
		25B0A36118962BA6007070C7 /* CSAppDelegate.m in Sources */ = {isa = PBXBuildFile; fileRef = 25B0A36018962BA6007070C7 /* CSAppDelegate.m */; };
		25B0A36418962BA6007070C7 /* Main.storyboard in Resources */ = {isa = PBXBuildFile; fileRef = 25B0A36218962BA6007070C7 /* Main.storyboard */; };
		25B0A36B18962BA6007070C7 /* CSViewController.m in Sources */ = {isa = PBXBuildFile; fileRef = 25B0A36A18962BA6007070C7 /* CSViewController.m */; };
		25B0A36D18962BA6007070C7 /* Images.xcassets in Resources */ = {isa = PBXBuildFile; fileRef = 25B0A36C18962BA6007070C7 /* Images.xcassets */; };
		25B0A37418962BA6007070C7 /* XCTest.framework in Frameworks */ = {isa = PBXBuildFile; fileRef = 25B0A37318962BA6007070C7 /* XCTest.framework */; };
		25B0A37518962BA6007070C7 /* Foundation.framework in Frameworks */ = {isa = PBXBuildFile; fileRef = 25B0A34C18962BA6007070C7 /* Foundation.framework */; };
		25B0A37618962BA6007070C7 /* UIKit.framework in Frameworks */ = {isa = PBXBuildFile; fileRef = 25B0A35018962BA6007070C7 /* UIKit.framework */; };
		25B0A37E18962BA6007070C7 /* InfoPlist.strings in Resources */ = {isa = PBXBuildFile; fileRef = 25B0A37C18962BA6007070C7 /* InfoPlist.strings */; };
		25B0A38018962BA6007070C7 /* IceteroidsTests.m in Sources */ = {isa = PBXBuildFile; fileRef = 25B0A37F18962BA6007070C7 /* IceteroidsTests.m */; };
		25B0A38B18962CC6007070C7 /* CSGameSprite.m in Sources */ = {isa = PBXBuildFile; fileRef = 25B0A38A18962CC6007070C7 /* CSGameSprite.m */; };
		25B0A38E18962EA9007070C7 /* spaceship@2x.png in Resources */ = {isa = PBXBuildFile; fileRef = 25B0A38D18962EA9007070C7 /* spaceship@2x.png */; };
		25C3AD23189667C600E0C41F /* white_ball@2x.png in Resources */ = {isa = PBXBuildFile; fileRef = 25C3AD1F189667C600E0C41F /* white_ball@2x.png */; };
		25C3AD24189667C600E0C41F /* black_ball@2x.png in Resources */ = {isa = PBXBuildFile; fileRef = 25C3AD20189667C600E0C41F /* black_ball@2x.png */; };
		25C3AD25189667C600E0C41F /* red_ball@2x.png in Resources */ = {isa = PBXBuildFile; fileRef = 25C3AD21189667C600E0C41F /* red_ball@2x.png */; };
		25C3AD26189667C600E0C41F /* blue_ball@2x.png in Resources */ = {isa = PBXBuildFile; fileRef = 25C3AD22189667C600E0C41F /* blue_ball@2x.png */; };
/* End PBXBuildFile section */

/* Begin PBXContainerItemProxy section */
		25B0A37718962BA6007070C7 /* PBXContainerItemProxy */ = {
			isa = PBXContainerItemProxy;
			containerPortal = 25B0A34118962BA6007070C7 /* Project object */;
			proxyType = 1;
			remoteGlobalIDString = 25B0A34818962BA6007070C7;
			remoteInfo = Iceteroids;
		};
/* End PBXContainerItemProxy section */

/* Begin PBXFileReference section */
		25390DEF18963C6E003EFF26 /* CSTouchView.h */ = {isa = PBXFileReference; fileEncoding = 4; lastKnownFileType = sourcecode.c.h; path = CSTouchView.h; sourceTree = "<group>"; };
		25390DF018963C6E003EFF26 /* CSTouchView.m */ = {isa = PBXFileReference; fileEncoding = 4; lastKnownFileType = sourcecode.c.objc; path = CSTouchView.m; sourceTree = "<group>"; };
		25B0A34918962BA6007070C7 /* Iceteroids.app */ = {isa = PBXFileReference; explicitFileType = wrapper.application; includeInIndex = 0; path = Iceteroids.app; sourceTree = BUILT_PRODUCTS_DIR; };
		25B0A34C18962BA6007070C7 /* Foundation.framework */ = {isa = PBXFileReference; lastKnownFileType = wrapper.framework; name = Foundation.framework; path = System/Library/Frameworks/Foundation.framework; sourceTree = SDKROOT; };
		25B0A34E18962BA6007070C7 /* CoreGraphics.framework */ = {isa = PBXFileReference; lastKnownFileType = wrapper.framework; name = CoreGraphics.framework; path = System/Library/Frameworks/CoreGraphics.framework; sourceTree = SDKROOT; };
		25B0A35018962BA6007070C7 /* UIKit.framework */ = {isa = PBXFileReference; lastKnownFileType = wrapper.framework; name = UIKit.framework; path = System/Library/Frameworks/UIKit.framework; sourceTree = SDKROOT; };
		25B0A35218962BA6007070C7 /* GLKit.framework */ = {isa = PBXFileReference; lastKnownFileType = wrapper.framework; name = GLKit.framework; path = System/Library/Frameworks/GLKit.framework; sourceTree = SDKROOT; };
		25B0A35418962BA6007070C7 /* OpenGLES.framework */ = {isa = PBXFileReference; lastKnownFileType = wrapper.framework; name = OpenGLES.framework; path = System/Library/Frameworks/OpenGLES.framework; sourceTree = SDKROOT; };
		25B0A35818962BA6007070C7 /* Iceteroids-Info.plist */ = {isa = PBXFileReference; lastKnownFileType = text.plist.xml; path = "Iceteroids-Info.plist"; sourceTree = "<group>"; };
		25B0A35A18962BA6007070C7 /* en */ = {isa = PBXFileReference; lastKnownFileType = text.plist.strings; name = en; path = en.lproj/InfoPlist.strings; sourceTree = "<group>"; };
		25B0A35C18962BA6007070C7 /* main.m */ = {isa = PBXFileReference; lastKnownFileType = sourcecode.c.objc; path = main.m; sourceTree = "<group>"; };
		25B0A35E18962BA6007070C7 /* Iceteroids-Prefix.pch */ = {isa = PBXFileReference; lastKnownFileType = sourcecode.c.h; path = "Iceteroids-Prefix.pch"; sourceTree = "<group>"; };
		25B0A35F18962BA6007070C7 /* CSAppDelegate.h */ = {isa = PBXFileReference; lastKnownFileType = sourcecode.c.h; path = CSAppDelegate.h; sourceTree = "<group>"; };
		25B0A36018962BA6007070C7 /* CSAppDelegate.m */ = {isa = PBXFileReference; lastKnownFileType = sourcecode.c.objc; path = CSAppDelegate.m; sourceTree = "<group>"; };
		25B0A36318962BA6007070C7 /* Base */ = {isa = PBXFileReference; lastKnownFileType = file.storyboard; name = Base; path = Base.lproj/Main.storyboard; sourceTree = "<group>"; };
		25B0A36918962BA6007070C7 /* CSViewController.h */ = {isa = PBXFileReference; lastKnownFileType = sourcecode.c.h; path = CSViewController.h; sourceTree = "<group>"; };
		25B0A36A18962BA6007070C7 /* CSViewController.m */ = {isa = PBXFileReference; lastKnownFileType = sourcecode.c.objc; path = CSViewController.m; sourceTree = "<group>"; };
		25B0A36C18962BA6007070C7 /* Images.xcassets */ = {isa = PBXFileReference; lastKnownFileType = folder.assetcatalog; path = Images.xcassets; sourceTree = "<group>"; };
		25B0A37218962BA6007070C7 /* IceteroidsTests.xctest */ = {isa = PBXFileReference; explicitFileType = wrapper.cfbundle; includeInIndex = 0; path = IceteroidsTests.xctest; sourceTree = BUILT_PRODUCTS_DIR; };
		25B0A37318962BA6007070C7 /* XCTest.framework */ = {isa = PBXFileReference; lastKnownFileType = wrapper.framework; name = XCTest.framework; path = Library/Frameworks/XCTest.framework; sourceTree = DEVELOPER_DIR; };
		25B0A37B18962BA6007070C7 /* IceteroidsTests-Info.plist */ = {isa = PBXFileReference; lastKnownFileType = text.plist.xml; path = "IceteroidsTests-Info.plist"; sourceTree = "<group>"; };
		25B0A37D18962BA6007070C7 /* en */ = {isa = PBXFileReference; lastKnownFileType = text.plist.strings; name = en; path = en.lproj/InfoPlist.strings; sourceTree = "<group>"; };
		25B0A37F18962BA6007070C7 /* IceteroidsTests.m */ = {isa = PBXFileReference; lastKnownFileType = sourcecode.c.objc; path = IceteroidsTests.m; sourceTree = "<group>"; };
		25B0A38918962CC6007070C7 /* CSGameSprite.h */ = {isa = PBXFileReference; fileEncoding = 4; lastKnownFileType = sourcecode.c.h; path = CSGameSprite.h; sourceTree = "<group>"; };
		25B0A38A18962CC6007070C7 /* CSGameSprite.m */ = {isa = PBXFileReference; fileEncoding = 4; lastKnownFileType = sourcecode.c.objc; path = CSGameSprite.m; sourceTree = "<group>"; };
		25B0A38D18962EA9007070C7 /* spaceship@2x.png */ = {isa = PBXFileReference; lastKnownFileType = image.png; path = "spaceship@2x.png"; sourceTree = "<group>"; };
		25C3AD1F189667C600E0C41F /* white_ball@2x.png */ = {isa = PBXFileReference; lastKnownFileType = image.png; path = "white_ball@2x.png"; sourceTree = "<group>"; };
		25C3AD20189667C600E0C41F /* black_ball@2x.png */ = {isa = PBXFileReference; lastKnownFileType = image.png; path = "black_ball@2x.png"; sourceTree = "<group>"; };
		25C3AD21189667C600E0C41F /* red_ball@2x.png */ = {isa = PBXFileReference; lastKnownFileType = image.png; path = "red_ball@2x.png"; sourceTree = "<group>"; };
		25C3AD22189667C600E0C41F /* blue_ball@2x.png */ = {isa = PBXFileReference; lastKnownFileType = image.png; path = "blue_ball@2x.png"; sourceTree = "<group>"; };
/* End PBXFileReference section */

/* Begin PBXFrameworksBuildPhase section */
		25B0A34618962BA6007070C7 /* Frameworks */ = {
			isa = PBXFrameworksBuildPhase;
			buildActionMask = 2147483647;
			files = (
				25B0A35518962BA6007070C7 /* OpenGLES.framework in Frameworks */,
				25B0A34F18962BA6007070C7 /* CoreGraphics.framework in Frameworks */,
				25B0A35118962BA6007070C7 /* UIKit.framework in Frameworks */,
				25B0A35318962BA6007070C7 /* GLKit.framework in Frameworks */,
				25B0A34D18962BA6007070C7 /* Foundation.framework in Frameworks */,
			);
			runOnlyForDeploymentPostprocessing = 0;
		};
		25B0A36F18962BA6007070C7 /* Frameworks */ = {
			isa = PBXFrameworksBuildPhase;
			buildActionMask = 2147483647;
			files = (
				25B0A37418962BA6007070C7 /* XCTest.framework in Frameworks */,
				25B0A37618962BA6007070C7 /* UIKit.framework in Frameworks */,
				25B0A37518962BA6007070C7 /* Foundation.framework in Frameworks */,
			);
			runOnlyForDeploymentPostprocessing = 0;
		};
/* End PBXFrameworksBuildPhase section */

/* Begin PBXGroup section */
		25B0A34018962BA6007070C7 = {
			isa = PBXGroup;
			children = (
				25B0A35618962BA6007070C7 /* Iceteroids */,
				25B0A37918962BA6007070C7 /* IceteroidsTests */,
				25B0A34B18962BA6007070C7 /* Frameworks */,
				25B0A34A18962BA6007070C7 /* Products */,
			);
			sourceTree = "<group>";
		};
		25B0A34A18962BA6007070C7 /* Products */ = {
			isa = PBXGroup;
			children = (
				25B0A34918962BA6007070C7 /* Iceteroids.app */,
				25B0A37218962BA6007070C7 /* IceteroidsTests.xctest */,
			);
			name = Products;
			sourceTree = "<group>";
		};
		25B0A34B18962BA6007070C7 /* Frameworks */ = {
			isa = PBXGroup;
			children = (
				25B0A34C18962BA6007070C7 /* Foundation.framework */,
				25B0A34E18962BA6007070C7 /* CoreGraphics.framework */,
				25B0A35018962BA6007070C7 /* UIKit.framework */,
				25B0A35218962BA6007070C7 /* GLKit.framework */,
				25B0A35418962BA6007070C7 /* OpenGLES.framework */,
				25B0A37318962BA6007070C7 /* XCTest.framework */,
			);
			name = Frameworks;
			sourceTree = "<group>";
		};
		25B0A35618962BA6007070C7 /* Iceteroids */ = {
			isa = PBXGroup;
			children = (
				25B0A35F18962BA6007070C7 /* CSAppDelegate.h */,
				25B0A36018962BA6007070C7 /* CSAppDelegate.m */,
				25B0A36218962BA6007070C7 /* Main.storyboard */,
				25390DEF18963C6E003EFF26 /* CSTouchView.h */,
				25390DF018963C6E003EFF26 /* CSTouchView.m */,
				25B0A38918962CC6007070C7 /* CSGameSprite.h */,
				25B0A38A18962CC6007070C7 /* CSGameSprite.m */,
				25B0A36918962BA6007070C7 /* CSViewController.h */,
				25B0A36A18962BA6007070C7 /* CSViewController.m */,
				25B0A36C18962BA6007070C7 /* Images.xcassets */,
				25B0A38C18962EA0007070C7 /* Images */,
				25B0A35718962BA6007070C7 /* Supporting Files */,
			);
			path = Iceteroids;
			sourceTree = "<group>";
		};
		25B0A35718962BA6007070C7 /* Supporting Files */ = {
			isa = PBXGroup;
			children = (
				25B0A35818962BA6007070C7 /* Iceteroids-Info.plist */,
				25B0A35918962BA6007070C7 /* InfoPlist.strings */,
				25B0A35C18962BA6007070C7 /* main.m */,
				25B0A35E18962BA6007070C7 /* Iceteroids-Prefix.pch */,
			);
			name = "Supporting Files";
			sourceTree = "<group>";
		};
		25B0A37918962BA6007070C7 /* IceteroidsTests */ = {
			isa = PBXGroup;
			children = (
				25B0A37F18962BA6007070C7 /* IceteroidsTests.m */,
				25B0A37A18962BA6007070C7 /* Supporting Files */,
			);
			path = IceteroidsTests;
			sourceTree = "<group>";
		};
		25B0A37A18962BA6007070C7 /* Supporting Files */ = {
			isa = PBXGroup;
			children = (
				25B0A37B18962BA6007070C7 /* IceteroidsTests-Info.plist */,
				25B0A37C18962BA6007070C7 /* InfoPlist.strings */,
			);
			name = "Supporting Files";
			sourceTree = "<group>";
		};
		25B0A38C18962EA0007070C7 /* Images */ = {
			isa = PBXGroup;
			children = (
				25C3AD1F189667C600E0C41F /* white_ball@2x.png */,
				25C3AD20189667C600E0C41F /* black_ball@2x.png */,
				25C3AD21189667C600E0C41F /* red_ball@2x.png */,
				25C3AD22189667C600E0C41F /* blue_ball@2x.png */,
				25B0A38D18962EA9007070C7 /* spaceship@2x.png */,
			);
			name = Images;
			sourceTree = "<group>";
		};
/* End PBXGroup section */

/* Begin PBXNativeTarget section */
		25B0A34818962BA6007070C7 /* Iceteroids */ = {
			isa = PBXNativeTarget;
			buildConfigurationList = 25B0A38318962BA6007070C7 /* Build configuration list for PBXNativeTarget "Iceteroids" */;
			buildPhases = (
				25B0A34518962BA6007070C7 /* Sources */,
				25B0A34618962BA6007070C7 /* Frameworks */,
				25B0A34718962BA6007070C7 /* Resources */,
			);
			buildRules = (
			);
			dependencies = (
			);
			name = Iceteroids;
			productName = Iceteroids;
			productReference = 25B0A34918962BA6007070C7 /* Iceteroids.app */;
			productType = "com.apple.product-type.application";
		};
		25B0A37118962BA6007070C7 /* IceteroidsTests */ = {
			isa = PBXNativeTarget;
			buildConfigurationList = 25B0A38618962BA6007070C7 /* Build configuration list for PBXNativeTarget "IceteroidsTests" */;
			buildPhases = (
				25B0A36E18962BA6007070C7 /* Sources */,
				25B0A36F18962BA6007070C7 /* Frameworks */,
				25B0A37018962BA6007070C7 /* Resources */,
			);
			buildRules = (
			);
			dependencies = (
				25B0A37818962BA6007070C7 /* PBXTargetDependency */,
			);
			name = IceteroidsTests;
			productName = IceteroidsTests;
			productReference = 25B0A37218962BA6007070C7 /* IceteroidsTests.xctest */;
			productType = "com.apple.product-type.bundle.unit-test";
		};
/* End PBXNativeTarget section */

/* Begin PBXProject section */
		25B0A34118962BA6007070C7 /* Project object */ = {
			isa = PBXProject;
			attributes = {
				CLASSPREFIX = CS;
				LastUpgradeCheck = 0500;
				ORGANIZATIONNAME = "Codeless Solutions";
				TargetAttributes = {
					25B0A34818962BA6007070C7 = {
						DevelopmentTeam = U9FF7SJK5F;
					};
					25B0A37118962BA6007070C7 = {
						TestTargetID = 25B0A34818962BA6007070C7;
					};
				};
			};
			buildConfigurationList = 25B0A34418962BA6007070C7 /* Build configuration list for PBXProject "Iceteroids" */;
			compatibilityVersion = "Xcode 3.2";
			developmentRegion = English;
			hasScannedForEncodings = 0;
			knownRegions = (
				en,
				Base,
			);
			mainGroup = 25B0A34018962BA6007070C7;
			productRefGroup = 25B0A34A18962BA6007070C7 /* Products */;
			projectDirPath = "";
			projectRoot = "";
			targets = (
				25B0A34818962BA6007070C7 /* Iceteroids */,
				25B0A37118962BA6007070C7 /* IceteroidsTests */,
			);
		};
/* End PBXProject section */

/* Begin PBXResourcesBuildPhase section */
		25B0A34718962BA6007070C7 /* Resources */ = {
			isa = PBXResourcesBuildPhase;
			buildActionMask = 2147483647;
			files = (
				25B0A36D18962BA6007070C7 /* Images.xcassets in Resources */,
				25B0A38E18962EA9007070C7 /* spaceship@2x.png in Resources */,
				25C3AD23189667C600E0C41F /* white_ball@2x.png in Resources */,
				25C3AD24189667C600E0C41F /* black_ball@2x.png in Resources */,
				25C3AD25189667C600E0C41F /* red_ball@2x.png in Resources */,
				25B0A35B18962BA6007070C7 /* InfoPlist.strings in Resources */,
				25B0A36418962BA6007070C7 /* Main.storyboard in Resources */,
				25C3AD26189667C600E0C41F /* blue_ball@2x.png in Resources */,
			);
			runOnlyForDeploymentPostprocessing = 0;
		};
		25B0A37018962BA6007070C7 /* Resources */ = {
			isa = PBXResourcesBuildPhase;
			buildActionMask = 2147483647;
			files = (
				25B0A37E18962BA6007070C7 /* InfoPlist.strings in Resources */,
			);
			runOnlyForDeploymentPostprocessing = 0;
		};
/* End PBXResourcesBuildPhase section */

/* Begin PBXSourcesBuildPhase section */
		25B0A34518962BA6007070C7 /* Sources */ = {
			isa = PBXSourcesBuildPhase;
			buildActionMask = 2147483647;
			files = (
				25B0A38B18962CC6007070C7 /* CSGameSprite.m in Sources */,
				25B0A36118962BA6007070C7 /* CSAppDelegate.m in Sources */,
				25B0A35D18962BA6007070C7 /* main.m in Sources */,
				25390DF118963C6E003EFF26 /* CSTouchView.m in Sources */,
				25B0A36B18962BA6007070C7 /* CSViewController.m in Sources */,
			);
			runOnlyForDeploymentPostprocessing = 0;
		};
		25B0A36E18962BA6007070C7 /* Sources */ = {
			isa = PBXSourcesBuildPhase;
			buildActionMask = 2147483647;
			files = (
				25B0A38018962BA6007070C7 /* IceteroidsTests.m in Sources */,
			);
			runOnlyForDeploymentPostprocessing = 0;
		};
/* End PBXSourcesBuildPhase section */

/* Begin PBXTargetDependency section */
		25B0A37818962BA6007070C7 /* PBXTargetDependency */ = {
			isa = PBXTargetDependency;
			target = 25B0A34818962BA6007070C7 /* Iceteroids */;
			targetProxy = 25B0A37718962BA6007070C7 /* PBXContainerItemProxy */;
		};
/* End PBXTargetDependency section */

/* Begin PBXVariantGroup section */
		25B0A35918962BA6007070C7 /* InfoPlist.strings */ = {
			isa = PBXVariantGroup;
			children = (
				25B0A35A18962BA6007070C7 /* en */,
			);
			name = InfoPlist.strings;
			sourceTree = "<group>";
		};
		25B0A36218962BA6007070C7 /* Main.storyboard */ = {
			isa = PBXVariantGroup;
			children = (
				25B0A36318962BA6007070C7 /* Base */,
			);
			name = Main.storyboard;
			sourceTree = "<group>";
		};
		25B0A37C18962BA6007070C7 /* InfoPlist.strings */ = {
			isa = PBXVariantGroup;
			children = (
				25B0A37D18962BA6007070C7 /* en */,
			);
			name = InfoPlist.strings;
			sourceTree = "<group>";
		};
/* End PBXVariantGroup section */

/* Begin XCBuildConfiguration section */
		25B0A38118962BA6007070C7 /* Debug */ = {
			isa = XCBuildConfiguration;
			buildSettings = {
				ALWAYS_SEARCH_USER_PATHS = NO;
				ARCHS = "$(ARCHS_STANDARD_INCLUDING_64_BIT)";
				CLANG_CXX_LANGUAGE_STANDARD = "gnu++0x";
				CLANG_CXX_LIBRARY = "libc++";
				CLANG_ENABLE_MODULES = YES;
				CLANG_ENABLE_OBJC_ARC = YES;
				CLANG_WARN_BOOL_CONVERSION = YES;
				CLANG_WARN_CONSTANT_CONVERSION = YES;
				CLANG_WARN_DIRECT_OBJC_ISA_USAGE = YES_ERROR;
				CLANG_WARN_EMPTY_BODY = YES;
				CLANG_WARN_ENUM_CONVERSION = YES;
				CLANG_WARN_INT_CONVERSION = YES;
				CLANG_WARN_OBJC_ROOT_CLASS = YES_ERROR;
				CLANG_WARN__DUPLICATE_METHOD_MATCH = YES;
				"CODE_SIGN_IDENTITY[sdk=iphoneos*]" = "iPhone Developer";
				COPY_PHASE_STRIP = NO;
				GCC_C_LANGUAGE_STANDARD = gnu99;
				GCC_DYNAMIC_NO_PIC = NO;
				GCC_OPTIMIZATION_LEVEL = 0;
				GCC_PREPROCESSOR_DEFINITIONS = (
					"DEBUG=1",
					"$(inherited)",
				);
				GCC_SYMBOLS_PRIVATE_EXTERN = NO;
				GCC_WARN_64_TO_32_BIT_CONVERSION = YES;
				GCC_WARN_ABOUT_RETURN_TYPE = YES_ERROR;
				GCC_WARN_UNDECLARED_SELECTOR = YES;
				GCC_WARN_UNINITIALIZED_AUTOS = YES;
				GCC_WARN_UNUSED_FUNCTION = YES;
				GCC_WARN_UNUSED_VARIABLE = YES;
				IPHONEOS_DEPLOYMENT_TARGET = 6.0;
				ONLY_ACTIVE_ARCH = YES;
				SDKROOT = iphoneos;
				TARGETED_DEVICE_FAMILY = 2;
			};
			name = Debug;
		};
		25B0A38218962BA6007070C7 /* Release */ = {
			isa = XCBuildConfiguration;
			buildSettings = {
				ALWAYS_SEARCH_USER_PATHS = NO;
				ARCHS = "$(ARCHS_STANDARD_INCLUDING_64_BIT)";
				CLANG_CXX_LANGUAGE_STANDARD = "gnu++0x";
				CLANG_CXX_LIBRARY = "libc++";
				CLANG_ENABLE_MODULES = YES;
				CLANG_ENABLE_OBJC_ARC = YES;
				CLANG_WARN_BOOL_CONVERSION = YES;
				CLANG_WARN_CONSTANT_CONVERSION = YES;
				CLANG_WARN_DIRECT_OBJC_ISA_USAGE = YES_ERROR;
				CLANG_WARN_EMPTY_BODY = YES;
				CLANG_WARN_ENUM_CONVERSION = YES;
				CLANG_WARN_INT_CONVERSION = YES;
				CLANG_WARN_OBJC_ROOT_CLASS = YES_ERROR;
				CLANG_WARN__DUPLICATE_METHOD_MATCH = YES;
				"CODE_SIGN_IDENTITY[sdk=iphoneos*]" = "iPhone Developer";
				COPY_PHASE_STRIP = YES;
				ENABLE_NS_ASSERTIONS = NO;
				GCC_C_LANGUAGE_STANDARD = gnu99;
				GCC_WARN_64_TO_32_BIT_CONVERSION = YES;
				GCC_WARN_ABOUT_RETURN_TYPE = YES_ERROR;
				GCC_WARN_UNDECLARED_SELECTOR = YES;
				GCC_WARN_UNINITIALIZED_AUTOS = YES;
				GCC_WARN_UNUSED_FUNCTION = YES;
				GCC_WARN_UNUSED_VARIABLE = YES;
				IPHONEOS_DEPLOYMENT_TARGET = 6.0;
				SDKROOT = iphoneos;
				TARGETED_DEVICE_FAMILY = 2;
				VALIDATE_PRODUCT = YES;
			};
			name = Release;
		};
		25B0A38418962BA6007070C7 /* Debug */ = {
			isa = XCBuildConfiguration;
			buildSettings = {
				ASSETCATALOG_COMPILER_APPICON_NAME = AppIcon;
				ASSETCATALOG_COMPILER_LAUNCHIMAGE_NAME = LaunchImage;
				CODE_SIGN_IDENTITY = "iPhone Developer";
				GCC_PRECOMPILE_PREFIX_HEADER = YES;
				GCC_PREFIX_HEADER = "Iceteroids/Iceteroids-Prefix.pch";
				INFOPLIST_FILE = "Iceteroids/Iceteroids-Info.plist";
				IPHONEOS_DEPLOYMENT_TARGET = 6.0;
				PRODUCT_NAME = "$(TARGET_NAME)";
				PROVISIONING_PROFILE = "7B45660C-D394-4D21-A126-8373D161CAAA";
				WRAPPER_EXTENSION = app;
			};
			name = Debug;
		};
		25B0A38518962BA6007070C7 /* Release */ = {
			isa = XCBuildConfiguration;
			buildSettings = {
				ASSETCATALOG_COMPILER_APPICON_NAME = AppIcon;
				ASSETCATALOG_COMPILER_LAUNCHIMAGE_NAME = LaunchImage;
				CODE_SIGN_IDENTITY = "iPhone Developer";
				GCC_PRECOMPILE_PREFIX_HEADER = YES;
				GCC_PREFIX_HEADER = "Iceteroids/Iceteroids-Prefix.pch";
				INFOPLIST_FILE = "Iceteroids/Iceteroids-Info.plist";
				IPHONEOS_DEPLOYMENT_TARGET = 6.0;
				PRODUCT_NAME = "$(TARGET_NAME)";
				PROVISIONING_PROFILE = "7B45660C-D394-4D21-A126-8373D161CAAA";
				WRAPPER_EXTENSION = app;
			};
			name = Release;
		};
		25B0A38718962BA6007070C7 /* Debug */ = {
			isa = XCBuildConfiguration;
			buildSettings = {
				ARCHS = "$(ARCHS_STANDARD_INCLUDING_64_BIT)";
				BUNDLE_LOADER = "$(BUILT_PRODUCTS_DIR)/Iceteroids.app/Iceteroids";
				FRAMEWORK_SEARCH_PATHS = (
					"$(SDKROOT)/Developer/Library/Frameworks",
					"$(inherited)",
					"$(DEVELOPER_FRAMEWORKS_DIR)",
				);
				GCC_PRECOMPILE_PREFIX_HEADER = YES;
				GCC_PREFIX_HEADER = "Iceteroids/Iceteroids-Prefix.pch";
				GCC_PREPROCESSOR_DEFINITIONS = (
					"DEBUG=1",
					"$(inherited)",
				);
				INFOPLIST_FILE = "IceteroidsTests/IceteroidsTests-Info.plist";
				PRODUCT_NAME = "$(TARGET_NAME)";
				TEST_HOST = "$(BUNDLE_LOADER)";
				WRAPPER_EXTENSION = xctest;
			};
			name = Debug;
		};
		25B0A38818962BA6007070C7 /* Release */ = {
			isa = XCBuildConfiguration;
			buildSettings = {
				ARCHS = "$(ARCHS_STANDARD_INCLUDING_64_BIT)";
				BUNDLE_LOADER = "$(BUILT_PRODUCTS_DIR)/Iceteroids.app/Iceteroids";
				FRAMEWORK_SEARCH_PATHS = (
					"$(SDKROOT)/Developer/Library/Frameworks",
					"$(inherited)",
					"$(DEVELOPER_FRAMEWORKS_DIR)",
				);
				GCC_PRECOMPILE_PREFIX_HEADER = YES;
				GCC_PREFIX_HEADER = "Iceteroids/Iceteroids-Prefix.pch";
				INFOPLIST_FILE = "IceteroidsTests/IceteroidsTests-Info.plist";
				PRODUCT_NAME = "$(TARGET_NAME)";
				TEST_HOST = "$(BUNDLE_LOADER)";
				WRAPPER_EXTENSION = xctest;
			};
			name = Release;
		};
/* End XCBuildConfiguration section */

/* Begin XCConfigurationList section */
		25B0A34418962BA6007070C7 /* Build configuration list for PBXProject "Iceteroids" */ = {
			isa = XCConfigurationList;
			buildConfigurations = (
				25B0A38118962BA6007070C7 /* Debug */,
				25B0A38218962BA6007070C7 /* Release */,
			);
			defaultConfigurationIsVisible = 0;
			defaultConfigurationName = Release;
		};
		25B0A38318962BA6007070C7 /* Build configuration list for PBXNativeTarget "Iceteroids" */ = {
			isa = XCConfigurationList;
			buildConfigurations = (
				25B0A38418962BA6007070C7 /* Debug */,
				25B0A38518962BA6007070C7 /* Release */,
			);
			defaultConfigurationIsVisible = 0;
			defaultConfigurationName = Release;
		};
		25B0A38618962BA6007070C7 /* Build configuration list for PBXNativeTarget "IceteroidsTests" */ = {
			isa = XCConfigurationList;
			buildConfigurations = (
				25B0A38718962BA6007070C7 /* Debug */,
				25B0A38818962BA6007070C7 /* Release */,
			);
			defaultConfigurationIsVisible = 0;
			defaultConfigurationName = Release;
		};
/* End XCConfigurationList section */
	};
	rootObject = 25B0A34118962BA6007070C7 /* Project object */;
}
